
Microsoft Visual Studio Solution File, Format Version 12.00
# Visual Studio Version 17
VisualStudioVersion = 17.14.37012.4 d17.14
MinimumVisualStudioVersion = 10.0.40219.1
Project("{FAE04EC0-301F-11D3-BF4B-00C04F79EFBC}") = "OOP Assignment 5", "OOP Assignment 5\OOP Assignment 5.csproj", "{B138F58D-035D-4C4D-9B81-F31F5E2CCA5C}"
EndProject
Global
	GlobalSection(SolutionConfigurationPlatforms) = preSolution
		Debug|Any CPU = Debug|Any CPU
		Release|Any CPU = Release|Any CPU
	EndGlobalSection
	GlobalSection(ProjectConfigurationPlatforms) = postSolution
		{B138F58D-035D-4C4D-9B81-F31F5E2CCA5C}.Debug|Any CPU.ActiveCfg = Debug|Any CPU
		{B138F58D-035D-4C4D-9B81-F31F5E2CCA5C}.Debug|Any CPU.Build.0 = Debug|Any CPU
		{B138F58D-035D-4C4D-9B81-F31F5E2CCA5C}.Release|Any CPU.ActiveCfg = Release|Any CPU
		{B138F58D-035D-4C4D-9B81-F31F5E2CCA5C}.Release|Any CPU.Build.0 = Release|Any CPU
	EndGlobalSection
	GlobalSection(SolutionProperties) = preSolution
		HideSolutionNode = FALSE
	EndGlobalSection
	GlobalSection(ExtensibilityGlobals) = postSolution
		SolutionGuid = {1F1DF6A5-9964-4110-B687-1B458A3B846C}
	EndGlobalSection
EndGlobal
